
Microsoft Visual Studio Solution File, Format Version 12.00
# Visual Studio Version 16
VisualStudioVersion = 16.0.28922.388
MinimumVisualStudioVersion = 10.0.40219.1
Project("{FAE04EC0-301F-11D3-BF4B-00C04F79EFBC}") = "DictionaryExample", "DictionaryExample\DictionaryExample.csproj", "{336F95A0-3EA5-4C0E-B941-C25D5AE3348E}"
EndProject
Global
	GlobalSection(SolutionConfigurationPlatforms) = preSolution
		Debug|Any CPU = Debug|Any CPU
		Release|Any CPU = Release|Any CPU
	EndGlobalSection
	GlobalSection(ProjectConfigurationPlatforms) = postSolution
		{336F95A0-3EA5-4C0E-B941-C25D5AE3348E}.Debug|Any CPU.ActiveCfg = Debug|Any CPU
		{336F95A0-3EA5-4C0E-B941-C25D5AE3348E}.Debug|Any CPU.Build.0 = Debug|Any CPU
		{336F95A0-3EA5-4C0E-B941-C25D5AE3348E}.Release|Any CPU.ActiveCfg = Release|Any CPU
		{336F95A0-3EA5-4C0E-B941-C25D5AE3348E}.Release|Any CPU.Build.0 = Release|Any CPU
	EndGlobalSection
	GlobalSection(SolutionProperties) = preSolution
		HideSolutionNode = FALSE
	EndGlobalSection
	GlobalSection(ExtensibilityGlobals) = postSolution
		SolutionGuid = {64DF0D81-9B83-493E-BCFC-6BD95DC12324}
	EndGlobalSection
EndGlobal
